
Microsoft Visual Studio Solution File, Format Version 11.00
# Visual Studio 2010
Project("{FAE04EC0-301F-11D3-BF4B-00C04F79EFBC}") = "oblivion", "Assembly-CSharp.csproj", "{A0478147-BCE2-FB72-23A4-E8141D627C36}"
EndProject
Project("{FAE04EC0-301F-11D3-BF4B-00C04F79EFBC}") = "oblivion", "Assembly-CSharp-Editor.csproj", "{771F415D-9E0D-BC43-39E6-AFEB76DF302A}"
EndProject
Global
	GlobalSection(SolutionConfigurationPlatforms) = preSolution
		Debug|Any CPU = Debug|Any CPU
		Release|Any CPU = Release|Any CPU
	EndGlobalSection
	GlobalSection(ProjectConfigurationPlatforms) = postSolution
		{A0478147-BCE2-FB72-23A4-E8141D627C36}.Debug|Any CPU.ActiveCfg = Debug|Any CPU
		{A0478147-BCE2-FB72-23A4-E8141D627C36}.Debug|Any CPU.Build.0 = Debug|Any CPU
		{A0478147-BCE2-FB72-23A4-E8141D627C36}.Release|Any CPU.ActiveCfg = Release|Any CPU
		{A0478147-BCE2-FB72-23A4-E8141D627C36}.Release|Any CPU.Build.0 = Release|Any CPU
		{771F415D-9E0D-BC43-39E6-AFEB76DF302A}.Debug|Any CPU.ActiveCfg = Debug|Any CPU
		{771F415D-9E0D-BC43-39E6-AFEB76DF302A}.Debug|Any CPU.Build.0 = Debug|Any CPU
		{771F415D-9E0D-BC43-39E6-AFEB76DF302A}.Release|Any CPU.ActiveCfg = Release|Any CPU
		{771F415D-9E0D-BC43-39E6-AFEB76DF302A}.Release|Any CPU.Build.0 = Release|Any CPU
	EndGlobalSection
	GlobalSection(SolutionProperties) = preSolution
		HideSolutionNode = FALSE
	EndGlobalSection
	GlobalSection(MonoDevelopProperties) = preSolution
		StartupItem = Assembly-CSharp.csproj
	EndGlobalSection
EndGlobal
